
Microsoft Visual Studio Solution File, Format Version 12.00
# Visual Studio Version 17
VisualStudioVersion = 17.6.33723.286
MinimumVisualStudioVersion = 10.0.40219.1
Project("{FAE04EC0-301F-11D3-BF4B-00C04F79EFBC}") = "part_2", "part_2.csproj", "{76B93FE7-A9C5-44DC-B7B6-6929D094356D}"
EndProject
Global
	GlobalSection(SolutionConfigurationPlatforms) = preSolution
		Debug|Any CPU = Debug|Any CPU
		Release|Any CPU = Release|Any CPU
	EndGlobalSection
	GlobalSection(ProjectConfigurationPlatforms) = postSolution
		{76B93FE7-A9C5-44DC-B7B6-6929D094356D}.Debug|Any CPU.ActiveCfg = Debug|Any CPU
		{76B93FE7-A9C5-44DC-B7B6-6929D094356D}.Debug|Any CPU.Build.0 = Debug|Any CPU
		{76B93FE7-A9C5-44DC-B7B6-6929D094356D}.Release|Any CPU.ActiveCfg = Release|Any CPU
		{76B93FE7-A9C5-44DC-B7B6-6929D094356D}.Release|Any CPU.Build.0 = Release|Any CPU
	EndGlobalSection
	GlobalSection(SolutionProperties) = preSolution
		HideSolutionNode = FALSE
	EndGlobalSection
	GlobalSection(ExtensibilityGlobals) = postSolution
		SolutionGuid = {E6368B59-1932-4025-9247-5610B7239279}
	EndGlobalSection
EndGlobal
