
Microsoft Visual Studio Solution File, Format Version 12.00
# Visual Studio Version 17
VisualStudioVersion = 17.5.33516.290
MinimumVisualStudioVersion = 10.0.40219.1
Project("{FAE04EC0-301F-11D3-BF4B-00C04F79EFBC}") = "WindowsFormsApp1", "WindowsFormsApp1.csproj", "{84808BF9-0E85-4922-B5A9-D431C4588036}"
EndProject
Global
	GlobalSection(SolutionConfigurationPlatforms) = preSolution
		Debug|Any CPU = Debug|Any CPU
		Release|Any CPU = Release|Any CPU
	EndGlobalSection
	GlobalSection(ProjectConfigurationPlatforms) = postSolution
		{84808BF9-0E85-4922-B5A9-D431C4588036}.Debug|Any CPU.ActiveCfg = Debug|Any CPU
		{84808BF9-0E85-4922-B5A9-D431C4588036}.Debug|Any CPU.Build.0 = Debug|Any CPU
		{84808BF9-0E85-4922-B5A9-D431C4588036}.Release|Any CPU.ActiveCfg = Release|Any CPU
		{84808BF9-0E85-4922-B5A9-D431C4588036}.Release|Any CPU.Build.0 = Release|Any CPU
	EndGlobalSection
	GlobalSection(SolutionProperties) = preSolution
		HideSolutionNode = FALSE
	EndGlobalSection
	GlobalSection(ExtensibilityGlobals) = postSolution
		SolutionGuid = {E014DA82-59EA-4EE0-B1D9-2F1ED79401BC}
	EndGlobalSection
EndGlobal
