
Microsoft Visual Studio Solution File, Format Version 12.00
# Visual Studio Version 17
VisualStudioVersion = 17.5.33516.290
MinimumVisualStudioVersion = 10.0.40219.1
Project("{FAE04EC0-301F-11D3-BF4B-00C04F79EFBC}") = "lab8", "lab8.csproj", "{F97C403F-809B-484F-B05B-99DC708807F3}"
EndProject
Global
	GlobalSection(SolutionConfigurationPlatforms) = preSolution
		Debug|Any CPU = Debug|Any CPU
		Release|Any CPU = Release|Any CPU
	EndGlobalSection
	GlobalSection(ProjectConfigurationPlatforms) = postSolution
		{F97C403F-809B-484F-B05B-99DC708807F3}.Debug|Any CPU.ActiveCfg = Debug|Any CPU
		{F97C403F-809B-484F-B05B-99DC708807F3}.Debug|Any CPU.Build.0 = Debug|Any CPU
		{F97C403F-809B-484F-B05B-99DC708807F3}.Release|Any CPU.ActiveCfg = Release|Any CPU
		{F97C403F-809B-484F-B05B-99DC708807F3}.Release|Any CPU.Build.0 = Release|Any CPU
	EndGlobalSection
	GlobalSection(SolutionProperties) = preSolution
		HideSolutionNode = FALSE
	EndGlobalSection
	GlobalSection(ExtensibilityGlobals) = postSolution
		SolutionGuid = {FD18913C-8FE2-4901-ACD7-FC5C66B13580}
	EndGlobalSection
EndGlobal
