
Microsoft Visual Studio Solution File, Format Version 12.00
# Visual Studio Version 17
VisualStudioVersion = 17.2.32516.85
MinimumVisualStudioVersion = 10.0.40219.1
Project("{8BC9CEB8-8B4A-11D0-8D11-00A0C91BC942}") = "о+999999999999999999-", "о+999999999999999999-.vcxproj", "{961C2F54-2F9B-4AD1-9833-216CC34311D0}"
EndProject
Global
	GlobalSection(SolutionConfigurationPlatforms) = preSolution
		Debug|x64 = Debug|x64
		Debug|x86 = Debug|x86
		Release|x64 = Release|x64
		Release|x86 = Release|x86
	EndGlobalSection
	GlobalSection(ProjectConfigurationPlatforms) = postSolution
		{961C2F54-2F9B-4AD1-9833-216CC34311D0}.Debug|x64.ActiveCfg = Debug|x64
		{961C2F54-2F9B-4AD1-9833-216CC34311D0}.Debug|x64.Build.0 = Debug|x64
		{961C2F54-2F9B-4AD1-9833-216CC34311D0}.Debug|x86.ActiveCfg = Debug|Win32
		{961C2F54-2F9B-4AD1-9833-216CC34311D0}.Debug|x86.Build.0 = Debug|Win32
		{961C2F54-2F9B-4AD1-9833-216CC34311D0}.Release|x64.ActiveCfg = Release|x64
		{961C2F54-2F9B-4AD1-9833-216CC34311D0}.Release|x64.Build.0 = Release|x64
		{961C2F54-2F9B-4AD1-9833-216CC34311D0}.Release|x86.ActiveCfg = Release|Win32
		{961C2F54-2F9B-4AD1-9833-216CC34311D0}.Release|x86.Build.0 = Release|Win32
	EndGlobalSection
	GlobalSection(SolutionProperties) = preSolution
		HideSolutionNode = FALSE
	EndGlobalSection
	GlobalSection(ExtensibilityGlobals) = postSolution
		SolutionGuid = {6A9FEA85-2C20-4780-A826-F40126D6AFEC}
	EndGlobalSection
EndGlobal
