
Microsoft Visual Studio Solution File, Format Version 12.00
# Visual Studio Version 17
VisualStudioVersion = 17.6.33815.320
MinimumVisualStudioVersion = 10.0.40219.1
Project("{FAE04EC0-301F-11D3-BF4B-00C04F79EFBC}") = "work2", "work2.csproj", "{3A7D3399-62FF-4B71-B94B-AEA5B2F7A32F}"
EndProject
Global
	GlobalSection(SolutionConfigurationPlatforms) = preSolution
		Debug|Any CPU = Debug|Any CPU
		Release|Any CPU = Release|Any CPU
	EndGlobalSection
	GlobalSection(ProjectConfigurationPlatforms) = postSolution
		{3A7D3399-62FF-4B71-B94B-AEA5B2F7A32F}.Debug|Any CPU.ActiveCfg = Debug|Any CPU
		{3A7D3399-62FF-4B71-B94B-AEA5B2F7A32F}.Debug|Any CPU.Build.0 = Debug|Any CPU
		{3A7D3399-62FF-4B71-B94B-AEA5B2F7A32F}.Release|Any CPU.ActiveCfg = Release|Any CPU
		{3A7D3399-62FF-4B71-B94B-AEA5B2F7A32F}.Release|Any CPU.Build.0 = Release|Any CPU
	EndGlobalSection
	GlobalSection(SolutionProperties) = preSolution
		HideSolutionNode = FALSE
	EndGlobalSection
	GlobalSection(ExtensibilityGlobals) = postSolution
		SolutionGuid = {3DA2A3FD-DDB7-4BC4-9877-22943D045370}
	EndGlobalSection
EndGlobal
