
Microsoft Visual Studio Solution File, Format Version 12.00
# Visual Studio Version 17
VisualStudioVersion = 17.5.33516.290
MinimumVisualStudioVersion = 10.0.40219.1
Project("{FAE04EC0-301F-11D3-BF4B-00C04F79EFBC}") = "PlotDrawer", "PlotDrawer.csproj", "{8CC586F8-0E55-4E51-AEC6-49B1C6C7E647}"
EndProject
Global
	GlobalSection(SolutionConfigurationPlatforms) = preSolution
		Debug|Any CPU = Debug|Any CPU
		Release|Any CPU = Release|Any CPU
	EndGlobalSection
	GlobalSection(ProjectConfigurationPlatforms) = postSolution
		{8CC586F8-0E55-4E51-AEC6-49B1C6C7E647}.Debug|Any CPU.ActiveCfg = Debug|Any CPU
		{8CC586F8-0E55-4E51-AEC6-49B1C6C7E647}.Debug|Any CPU.Build.0 = Debug|Any CPU
		{8CC586F8-0E55-4E51-AEC6-49B1C6C7E647}.Release|Any CPU.ActiveCfg = Release|Any CPU
		{8CC586F8-0E55-4E51-AEC6-49B1C6C7E647}.Release|Any CPU.Build.0 = Release|Any CPU
	EndGlobalSection
	GlobalSection(SolutionProperties) = preSolution
		HideSolutionNode = FALSE
	EndGlobalSection
	GlobalSection(ExtensibilityGlobals) = postSolution
		SolutionGuid = {82E8C5AA-BECF-4EC4-8579-A950CF194ACB}
	EndGlobalSection
EndGlobal
