
Microsoft Visual Studio Solution File, Format Version 12.00
# Visual Studio Version 17
VisualStudioVersion = 17.6.33815.320
MinimumVisualStudioVersion = 10.0.40219.1
Project("{FAE04EC0-301F-11D3-BF4B-00C04F79EFBC}") = "0.7", "0.7.csproj", "{D7C5FA39-F9E1-4836-905D-2DA9E4714EFD}"
EndProject
Global
	GlobalSection(SolutionConfigurationPlatforms) = preSolution
		Debug|Any CPU = Debug|Any CPU
		Release|Any CPU = Release|Any CPU
	EndGlobalSection
	GlobalSection(ProjectConfigurationPlatforms) = postSolution
		{D7C5FA39-F9E1-4836-905D-2DA9E4714EFD}.Debug|Any CPU.ActiveCfg = Debug|Any CPU
		{D7C5FA39-F9E1-4836-905D-2DA9E4714EFD}.Debug|Any CPU.Build.0 = Debug|Any CPU
		{D7C5FA39-F9E1-4836-905D-2DA9E4714EFD}.Release|Any CPU.ActiveCfg = Release|Any CPU
		{D7C5FA39-F9E1-4836-905D-2DA9E4714EFD}.Release|Any CPU.Build.0 = Release|Any CPU
	EndGlobalSection
	GlobalSection(SolutionProperties) = preSolution
		HideSolutionNode = FALSE
	EndGlobalSection
	GlobalSection(ExtensibilityGlobals) = postSolution
		SolutionGuid = {AA4149AA-AC13-4524-BD6A-2059DACBF277}
	EndGlobalSection
EndGlobal
