
Microsoft Visual Studio Solution File, Format Version 12.00
# Visual Studio Version 17
VisualStudioVersion = 17.6.33723.286
MinimumVisualStudioVersion = 10.0.40219.1
Project("{FAE04EC0-301F-11D3-BF4B-00C04F79EFBC}") = "cursed_part_1", "cursed_part_1.csproj", "{78D5FE01-868E-4319-AA3A-846D612145C0}"
EndProject
Global
	GlobalSection(SolutionConfigurationPlatforms) = preSolution
		Debug|Any CPU = Debug|Any CPU
		Release|Any CPU = Release|Any CPU
	EndGlobalSection
	GlobalSection(ProjectConfigurationPlatforms) = postSolution
		{78D5FE01-868E-4319-AA3A-846D612145C0}.Debug|Any CPU.ActiveCfg = Debug|Any CPU
		{78D5FE01-868E-4319-AA3A-846D612145C0}.Debug|Any CPU.Build.0 = Debug|Any CPU
		{78D5FE01-868E-4319-AA3A-846D612145C0}.Release|Any CPU.ActiveCfg = Release|Any CPU
		{78D5FE01-868E-4319-AA3A-846D612145C0}.Release|Any CPU.Build.0 = Release|Any CPU
	EndGlobalSection
	GlobalSection(SolutionProperties) = preSolution
		HideSolutionNode = FALSE
	EndGlobalSection
	GlobalSection(ExtensibilityGlobals) = postSolution
		SolutionGuid = {D3EBE20E-3F9E-4C84-BC97-FD6E9BA7123C}
	EndGlobalSection
EndGlobal
